
Microsoft Visual Studio Solution File, Format Version 12.00
# Visual Studio 15
VisualStudioVersion = 15.0.28307.705
MinimumVisualStudioVersion = 10.0.40219.1
Project("{9A19103F-16F7-4668-BE54-9A1E7A4F7556}") = "College.Data", "College.Data\College.Data.csproj", "{FAB17EBC-4CBC-409E-AB8F-71E61866FBF5}"
EndProject
Project("{9A19103F-16F7-4668-BE54-9A1E7A4F7556}") = "College.Business", "College.Business\College.Business.csproj", "{E7E1E517-A0ED-4E6A-BDA1-2E9D7C619343}"
EndProject
Project("{9A19103F-16F7-4668-BE54-9A1E7A4F7556}") = "College.Api", "College.Api\College.Api.csproj", "{DAE66D4B-70BA-485B-8261-844D6F010E03}"
EndProject
Project("{2150E333-8FDC-42A3-9474-1A3956D46DE8}") = "Scripts", "Scripts", "{F23C61A7-39C3-4C40-B010-80500F5B2F5E}"
	ProjectSection(SolutionItems) = preProject
		Scripts\1Create_Professors.sql = Scripts\1Create_Professors.sql
		Scripts\2Create_Students.sql = Scripts\2Create_Students.sql
		Scripts\3Insert_Professors.sql = Scripts\3Insert_Professors.sql
		Scripts\4Insert_Students.sql = Scripts\4Insert_Students.sql
	EndProjectSection
EndProject
Project("{2150E333-8FDC-42A3-9474-1A3956D46DE8}") = "Source", "Source", "{0E4A0B8B-D7EC-44F3-BACF-522979F8E42A}"
EndProject
Global
	GlobalSection(SolutionConfigurationPlatforms) = preSolution
		Debug|Any CPU = Debug|Any CPU
		Release|Any CPU = Release|Any CPU
	EndGlobalSection
	GlobalSection(ProjectConfigurationPlatforms) = postSolution
		{FAB17EBC-4CBC-409E-AB8F-71E61866FBF5}.Debug|Any CPU.ActiveCfg = Debug|Any CPU
		{FAB17EBC-4CBC-409E-AB8F-71E61866FBF5}.Debug|Any CPU.Build.0 = Debug|Any CPU
		{FAB17EBC-4CBC-409E-AB8F-71E61866FBF5}.Release|Any CPU.ActiveCfg = Release|Any CPU
		{FAB17EBC-4CBC-409E-AB8F-71E61866FBF5}.Release|Any CPU.Build.0 = Release|Any CPU
		{E7E1E517-A0ED-4E6A-BDA1-2E9D7C619343}.Debug|Any CPU.ActiveCfg = Debug|Any CPU
		{E7E1E517-A0ED-4E6A-BDA1-2E9D7C619343}.Debug|Any CPU.Build.0 = Debug|Any CPU
		{E7E1E517-A0ED-4E6A-BDA1-2E9D7C619343}.Release|Any CPU.ActiveCfg = Release|Any CPU
		{E7E1E517-A0ED-4E6A-BDA1-2E9D7C619343}.Release|Any CPU.Build.0 = Release|Any CPU
		{DAE66D4B-70BA-485B-8261-844D6F010E03}.Debug|Any CPU.ActiveCfg = Debug|Any CPU
		{DAE66D4B-70BA-485B-8261-844D6F010E03}.Debug|Any CPU.Build.0 = Debug|Any CPU
		{DAE66D4B-70BA-485B-8261-844D6F010E03}.Release|Any CPU.ActiveCfg = Release|Any CPU
		{DAE66D4B-70BA-485B-8261-844D6F010E03}.Release|Any CPU.Build.0 = Release|Any CPU
	EndGlobalSection
	GlobalSection(SolutionProperties) = preSolution
		HideSolutionNode = FALSE
	EndGlobalSection
	GlobalSection(NestedProjects) = preSolution
		{FAB17EBC-4CBC-409E-AB8F-71E61866FBF5} = {0E4A0B8B-D7EC-44F3-BACF-522979F8E42A}
		{E7E1E517-A0ED-4E6A-BDA1-2E9D7C619343} = {0E4A0B8B-D7EC-44F3-BACF-522979F8E42A}
		{DAE66D4B-70BA-485B-8261-844D6F010E03} = {0E4A0B8B-D7EC-44F3-BACF-522979F8E42A}
	EndGlobalSection
	GlobalSection(ExtensibilityGlobals) = postSolution
		SolutionGuid = {19517CA4-82A8-4109-852E-3FE58D9C67CD}
	EndGlobalSection
EndGlobal
