
Microsoft Visual Studio Solution File, Format Version 12.00
# Visual Studio Version 16
VisualStudioVersion = 16.0.28803.452
MinimumVisualStudioVersion = 10.0.40219.1
Project("{FAE04EC0-301F-11D3-BF4B-00C04F79EFBC}") = "VS2019.Enhanced.Scrollbar.Demo", "VS2019.Enhanced.Scrollbar.Demo\VS2019.Enhanced.Scrollbar.Demo.csproj", "{2A7B8787-8570-49BC-B892-406C0F35A0E1}"
EndProject
Global
	GlobalSection(SolutionConfigurationPlatforms) = preSolution
		Debug|Any CPU = Debug|Any CPU
		Release|Any CPU = Release|Any CPU
	EndGlobalSection
	GlobalSection(ProjectConfigurationPlatforms) = postSolution
		{2A7B8787-8570-49BC-B892-406C0F35A0E1}.Debug|Any CPU.ActiveCfg = Debug|Any CPU
		{2A7B8787-8570-49BC-B892-406C0F35A0E1}.Debug|Any CPU.Build.0 = Debug|Any CPU
		{2A7B8787-8570-49BC-B892-406C0F35A0E1}.Release|Any CPU.ActiveCfg = Release|Any CPU
		{2A7B8787-8570-49BC-B892-406C0F35A0E1}.Release|Any CPU.Build.0 = Release|Any CPU
	EndGlobalSection
	GlobalSection(SolutionProperties) = preSolution
		HideSolutionNode = FALSE
	EndGlobalSection
	GlobalSection(ExtensibilityGlobals) = postSolution
		SolutionGuid = {86C285A3-82FD-47EC-B392-5C55D60C7042}
	EndGlobalSection
EndGlobal
