
Microsoft Visual Studio Solution File, Format Version 12.00
# Visual Studio 15
VisualStudioVersion = 15.0.28307.779
MinimumVisualStudioVersion = 10.0.40219.1
Project("{FAE04EC0-301F-11D3-BF4B-00C04F79EFBC}") = "College.ServicesV1", "College.ServicesV1\College.ServicesV1.csproj", "{A7BA4F95-E2AC-41AF-864E-AF34B1D612B6}"
EndProject
Global
	GlobalSection(SolutionConfigurationPlatforms) = preSolution
		Debug|Any CPU = Debug|Any CPU
		Release|Any CPU = Release|Any CPU
	EndGlobalSection
	GlobalSection(ProjectConfigurationPlatforms) = postSolution
		{A7BA4F95-E2AC-41AF-864E-AF34B1D612B6}.Debug|Any CPU.ActiveCfg = Debug|Any CPU
		{A7BA4F95-E2AC-41AF-864E-AF34B1D612B6}.Debug|Any CPU.Build.0 = Debug|Any CPU
		{A7BA4F95-E2AC-41AF-864E-AF34B1D612B6}.Release|Any CPU.ActiveCfg = Release|Any CPU
		{A7BA4F95-E2AC-41AF-864E-AF34B1D612B6}.Release|Any CPU.Build.0 = Release|Any CPU
	EndGlobalSection
	GlobalSection(SolutionProperties) = preSolution
		HideSolutionNode = FALSE
	EndGlobalSection
	GlobalSection(ExtensibilityGlobals) = postSolution
		SolutionGuid = {BA4C65D6-A9FD-45AF-955A-4D60E6821133}
	EndGlobalSection
EndGlobal
