
Microsoft Visual Studio Solution File, Format Version 12.00
# Visual Studio 15
VisualStudioVersion = 15.0.28307.779
MinimumVisualStudioVersion = 10.0.40219.1
Project("{FAE04EC0-301F-11D3-BF4B-00C04F79EFBC}") = "College.Services", "College.Services\College.Services.csproj", "{1B2312A7-A251-434A-AD39-34D595329A0D}"
EndProject
Project("{2150E333-8FDC-42A3-9474-1A3956D46DE8}") = "Scripts", "Scripts", "{D4471BAB-021D-481F-855C-593E18FD96DE}"
EndProject
Global
	GlobalSection(SolutionConfigurationPlatforms) = preSolution
		Debug|Any CPU = Debug|Any CPU
		Release|Any CPU = Release|Any CPU
	EndGlobalSection
	GlobalSection(ProjectConfigurationPlatforms) = postSolution
		{1B2312A7-A251-434A-AD39-34D595329A0D}.Debug|Any CPU.ActiveCfg = Debug|Any CPU
		{1B2312A7-A251-434A-AD39-34D595329A0D}.Debug|Any CPU.Build.0 = Debug|Any CPU
		{1B2312A7-A251-434A-AD39-34D595329A0D}.Release|Any CPU.ActiveCfg = Release|Any CPU
		{1B2312A7-A251-434A-AD39-34D595329A0D}.Release|Any CPU.Build.0 = Release|Any CPU
	EndGlobalSection
	GlobalSection(SolutionProperties) = preSolution
		HideSolutionNode = FALSE
	EndGlobalSection
	GlobalSection(ExtensibilityGlobals) = postSolution
		SolutionGuid = {CCBDA68E-6377-4D2D-A0CE-10216943E2EE}
	EndGlobalSection
EndGlobal
