
Microsoft Visual Studio Solution File, Format Version 12.00
# Visual Studio 15
VisualStudioVersion = 15.0.28307.705
MinimumVisualStudioVersion = 10.0.40219.1
Project("{FAE04EC0-301F-11D3-BF4B-00C04F79EFBC}") = "College.Services", "College.Services\College.Services.csproj", "{33E5ADDE-3F30-4509-B373-2F5C3E24DAB0}"
EndProject
Project("{2150E333-8FDC-42A3-9474-1A3956D46DE8}") = "SqlScripts", "SqlScripts", "{AECC2083-8D9B-4756-B2A7-79F778E2E1F5}"
	ProjectSection(SolutionItems) = preProject
		SqlScripts\Create_Professors.sql = SqlScripts\Create_Professors.sql
		SqlScripts\Insert_Professors.sql = SqlScripts\Insert_Professors.sql
	EndProjectSection
EndProject
Global
	GlobalSection(SolutionConfigurationPlatforms) = preSolution
		Debug|Any CPU = Debug|Any CPU
		Release|Any CPU = Release|Any CPU
	EndGlobalSection
	GlobalSection(ProjectConfigurationPlatforms) = postSolution
		{33E5ADDE-3F30-4509-B373-2F5C3E24DAB0}.Debug|Any CPU.ActiveCfg = Debug|Any CPU
		{33E5ADDE-3F30-4509-B373-2F5C3E24DAB0}.Debug|Any CPU.Build.0 = Debug|Any CPU
		{33E5ADDE-3F30-4509-B373-2F5C3E24DAB0}.Release|Any CPU.ActiveCfg = Release|Any CPU
		{33E5ADDE-3F30-4509-B373-2F5C3E24DAB0}.Release|Any CPU.Build.0 = Release|Any CPU
	EndGlobalSection
	GlobalSection(SolutionProperties) = preSolution
		HideSolutionNode = FALSE
	EndGlobalSection
	GlobalSection(ExtensibilityGlobals) = postSolution
		SolutionGuid = {EFB516D8-7132-4BD1-AE0E-9FD5B71B2223}
	EndGlobalSection
EndGlobal
